
Microsoft Visual Studio Solution File, Format Version 12.00
# Visual Studio 15
VisualStudioVersion = 15.0.27703.2035
MinimumVisualStudioVersion = 10.0.40219.1
Project("{FAE04EC0-301F-11D3-BF4B-00C04F79EFBC}") = "TimeSpanApp", "TimeSpanApp.csproj", "{01A9CC83-24D7-4781-B2ED-B32EB4013A9E}"
EndProject
Global
	GlobalSection(SolutionConfigurationPlatforms) = preSolution
		Debug|Any CPU = Debug|Any CPU
		Release|Any CPU = Release|Any CPU
	EndGlobalSection
	GlobalSection(ProjectConfigurationPlatforms) = postSolution
		{01A9CC83-24D7-4781-B2ED-B32EB4013A9E}.Debug|Any CPU.ActiveCfg = Debug|Any CPU
		{01A9CC83-24D7-4781-B2ED-B32EB4013A9E}.Debug|Any CPU.Build.0 = Debug|Any CPU
		{01A9CC83-24D7-4781-B2ED-B32EB4013A9E}.Release|Any CPU.ActiveCfg = Release|Any CPU
		{01A9CC83-24D7-4781-B2ED-B32EB4013A9E}.Release|Any CPU.Build.0 = Release|Any CPU
	EndGlobalSection
	GlobalSection(SolutionProperties) = preSolution
		HideSolutionNode = FALSE
	EndGlobalSection
	GlobalSection(ExtensibilityGlobals) = postSolution
		SolutionGuid = {686E37D5-5D87-4945-81D3-47C549BAB277}
	EndGlobalSection
EndGlobal
