
Microsoft Visual Studio Solution File, Format Version 12.00
# Visual Studio 15
VisualStudioVersion = 15.0.28010.2003
MinimumVisualStudioVersion = 10.0.40219.1
Project("{FAE04EC0-301F-11D3-BF4B-00C04F79EFBC}") = "GenericArgument", "GenericArgument\GenericArgument.csproj", "{47C7AB06-E4B6-4813-B568-70F7F401B97E}"
EndProject
Global
	GlobalSection(SolutionConfigurationPlatforms) = preSolution
		Debug|Any CPU = Debug|Any CPU
		Release|Any CPU = Release|Any CPU
	EndGlobalSection
	GlobalSection(ProjectConfigurationPlatforms) = postSolution
		{47C7AB06-E4B6-4813-B568-70F7F401B97E}.Debug|Any CPU.ActiveCfg = Debug|Any CPU
		{47C7AB06-E4B6-4813-B568-70F7F401B97E}.Debug|Any CPU.Build.0 = Debug|Any CPU
		{47C7AB06-E4B6-4813-B568-70F7F401B97E}.Release|Any CPU.ActiveCfg = Release|Any CPU
		{47C7AB06-E4B6-4813-B568-70F7F401B97E}.Release|Any CPU.Build.0 = Release|Any CPU
	EndGlobalSection
	GlobalSection(SolutionProperties) = preSolution
		HideSolutionNode = FALSE
	EndGlobalSection
	GlobalSection(ExtensibilityGlobals) = postSolution
		SolutionGuid = {EF2066CB-2B22-495F-8523-F60AAF2616EA}
	EndGlobalSection
EndGlobal
